// !$*UTF8*$!
{
	archiveVersion = 1;
	classes = {
	};
	objectVersion = 46;
	objects = {

/* Begin PBXGroup section */
		F09211F416E5F1F100CFD81F = {
			isa = PBXGroup;
			children = (
			);
			sourceTree = "<group>";
		};
/* End PBXGroup section */

/* Begin PBXProject section */
		F09211F516E5F1F100CFD81F /* Project object */ = {
			isa = PBXProject;
			attributes = {
				LastUpgradeCheck = 0460;
			};
			buildConfigurationList = F09211F816E5F1F100CFD81F /* Build configuration list for PBXProject "Tworpus_Website" */;
			compatibilityVersion = "Xcode 3.2";
			developmentRegion = English;
			hasScannedForEncodings = 0;
			knownRegions = (
				en,
			);
			mainGroup = F09211F416E5F1F100CFD81F;
			projectDirPath = "";
			projectRoot = "";
			targets = (
			);
		};
/* End PBXProject section */

/* Begin XCBuildConfiguration section */
		F09211F916E5F1F100CFD81F /* Debug */ = {
			isa = XCBuildConfiguration;
			buildSettings = {
			};
			name = Debug;
		};
		F09211FA16E5F1F100CFD81F /* Release */ = {
			isa = XCBuildConfiguration;
			buildSettings = {
			};
			name = Release;
		};
/* End XCBuildConfiguration section */

/* Begin XCConfigurationList section */
		F09211F816E5F1F100CFD81F /* Build configuration list for PBXProject "Tworpus_Website" */ = {
			isa = XCConfigurationList;
			buildConfigurations = (
				F09211F916E5F1F100CFD81F /* Debug */,
				F09211FA16E5F1F100CFD81F /* Release */,
			);
			defaultConfigurationIsVisible = 0;
			defaultConfigurationName = Release;
		};
/* End XCConfigurationList section */
	};
	rootObject = F09211F516E5F1F100CFD81F /* Project object */;
}
